// !$*UTF8*$!
{
	archiveVersion = 1;
	classes = {
	};
	objectVersion = 50;
	objects = {

/* Begin PBXBuildFile section */
		FF27B3BE21C338F500612924 /* AppDelegate.swift in Sources */ = {isa = PBXBuildFile; fileRef = FF27B3BD21C338F500612924 /* AppDelegate.swift */; };
		FF27B3C021C338F500612924 /* ViewController.swift in Sources */ = {isa = PBXBuildFile; fileRef = FF27B3BF21C338F500612924 /* ViewController.swift */; };
		FF27B3C321C338F500612924 /* Main.storyboard in Resources */ = {isa = PBXBuildFile; fileRef = FF27B3C121C338F500612924 /* Main.storyboard */; };
		FF27B3C621C338F500612924 /* BMICalculatorApp.xcdatamodeld in Sources */ = {isa = PBXBuildFile; fileRef = FF27B3C421C338F500612924 /* BMICalculatorApp.xcdatamodeld */; };
		FF27B3C821C338F800612924 /* Assets.xcassets in Resources */ = {isa = PBXBuildFile; fileRef = FF27B3C721C338F800612924 /* Assets.xcassets */; };
		FF27B3CB21C338F800612924 /* LaunchScreen.storyboard in Resources */ = {isa = PBXBuildFile; fileRef = FF27B3C921C338F800612924 /* LaunchScreen.storyboard */; };
/* End PBXBuildFile section */

/* Begin PBXFileReference section */
		FF27B3BA21C338F500612924 /* BMICalculatorApp.app */ = {isa = PBXFileReference; explicitFileType = wrapper.application; includeInIndex = 0; path = BMICalculatorApp.app; sourceTree = BUILT_PRODUCTS_DIR; };
		FF27B3BD21C338F500612924 /* AppDelegate.swift */ = {isa = PBXFileReference; lastKnownFileType = sourcecode.swift; path = AppDelegate.swift; sourceTree = "<group>"; };
		FF27B3BF21C338F500612924 /* ViewController.swift */ = {isa = PBXFileReference; lastKnownFileType = sourcecode.swift; path = ViewController.swift; sourceTree = "<group>"; };
		FF27B3C221C338F500612924 /* Base */ = {isa = PBXFileReference; lastKnownFileType = file.storyboard; name = Base; path = Base.lproj/Main.storyboard; sourceTree = "<group>"; };
		FF27B3C521C338F500612924 /* BMICalculatorApp.xcdatamodel */ = {isa = PBXFileReference; lastKnownFileType = wrapper.xcdatamodel; path = BMICalculatorApp.xcdatamodel; sourceTree = "<group>"; };
		FF27B3C721C338F800612924 /* Assets.xcassets */ = {isa = PBXFileReference; lastKnownFileType = folder.assetcatalog; path = Assets.xcassets; sourceTree = "<group>"; };
		FF27B3CA21C338F800612924 /* Base */ = {isa = PBXFileReference; lastKnownFileType = file.storyboard; name = Base; path = Base.lproj/LaunchScreen.storyboard; sourceTree = "<group>"; };
		FF27B3CC21C338F800612924 /* Info.plist */ = {isa = PBXFileReference; lastKnownFileType = text.plist.xml; path = Info.plist; sourceTree = "<group>"; };
/* End PBXFileReference section */

/* Begin PBXFrameworksBuildPhase section */
		FF27B3B721C338F500612924 /* Frameworks */ = {
			isa = PBXFrameworksBuildPhase;
			buildActionMask = 2147483647;
			files = (
			);
			runOnlyForDeploymentPostprocessing = 0;
		};
/* End PBXFrameworksBuildPhase section */

/* Begin PBXGroup section */
		FF27B3B121C338F500612924 = {
			isa = PBXGroup;
			children = (
				FF27B3BC21C338F500612924 /* BMICalculatorApp */,
				FF27B3BB21C338F500612924 /* Products */,
			);
			sourceTree = "<group>";
		};
		FF27B3BB21C338F500612924 /* Products */ = {
			isa = PBXGroup;
			children = (
				FF27B3BA21C338F500612924 /* BMICalculatorApp.app */,
			);
			name = Products;
			sourceTree = "<group>";
		};
		FF27B3BC21C338F500612924 /* BMICalculatorApp */ = {
			isa = PBXGroup;
			children = (
				FF27B3BD21C338F500612924 /* AppDelegate.swift */,
				FF27B3BF21C338F500612924 /* ViewController.swift */,
				FF27B3C121C338F500612924 /* Main.storyboard */,
				FF27B3C721C338F800612924 /* Assets.xcassets */,
				FF27B3C921C338F800612924 /* LaunchScreen.storyboard */,
				FF27B3CC21C338F800612924 /* Info.plist */,
				FF27B3C421C338F500612924 /* BMICalculatorApp.xcdatamodeld */,
			);
			path = BMICalculatorApp;
			sourceTree = "<group>";
		};
/* End PBXGroup section */

/* Begin PBXNativeTarget section */
		FF27B3B921C338F500612924 /* BMICalculatorApp */ = {
			isa = PBXNativeTarget;
			buildConfigurationList = FF27B3CF21C338F800612924 /* Build configuration list for PBXNativeTarget "BMICalculatorApp" */;
			buildPhases = (
				FF27B3B621C338F500612924 /* Sources */,
				FF27B3B721C338F500612924 /* Frameworks */,
				FF27B3B821C338F500612924 /* Resources */,
			);
			buildRules = (
			);
			dependencies = (
			);
			name = BMICalculatorApp;
			productName = BMICalculatorApp;
			productReference = FF27B3BA21C338F500612924 /* BMICalculatorApp.app */;
			productType = "com.apple.product-type.application";
		};
/* End PBXNativeTarget section */

/* Begin PBXProject section */
		FF27B3B221C338F500612924 /* Project object */ = {
			isa = PBXProject;
			attributes = {
				LastSwiftUpdateCheck = 0940;
				LastUpgradeCheck = 0940;
				ORGANIZATIONNAME = CentennialCollege;
				TargetAttributes = {
					FF27B3B921C338F500612924 = {
						CreatedOnToolsVersion = 9.4.1;
					};
				};
			};
			buildConfigurationList = FF27B3B521C338F500612924 /* Build configuration list for PBXProject "BMICalculatorApp" */;
			compatibilityVersion = "Xcode 9.3";
			developmentRegion = en;
			hasScannedForEncodings = 0;
			knownRegions = (
				en,
				Base,
			);
			mainGroup = FF27B3B121C338F500612924;
			productRefGroup = FF27B3BB21C338F500612924 /* Products */;
			projectDirPath = "";
			projectRoot = "";
			targets = (
				FF27B3B921C338F500612924 /* BMICalculatorApp */,
			);
		};
/* End PBXProject section */

/* Begin PBXResourcesBuildPhase section */
		FF27B3B821C338F500612924 /* Resources */ = {
			isa = PBXResourcesBuildPhase;
			buildActionMask = 2147483647;
			files = (
				FF27B3CB21C338F800612924 /* LaunchScreen.storyboard in Resources */,
				FF27B3C821C338F800612924 /* Assets.xcassets in Resources */,
				FF27B3C321C338F500612924 /* Main.storyboard in Resources */,
			);
			runOnlyForDeploymentPostprocessing = 0;
		};
/* End PBXResourcesBuildPhase section */

/* Begin PBXSourcesBuildPhase section */
		FF27B3B621C338F500612924 /* Sources */ = {
			isa = PBXSourcesBuildPhase;
			buildActionMask = 2147483647;
			files = (
				FF27B3C021C338F500612924 /* ViewController.swift in Sources */,
				FF27B3BE21C338F500612924 /* AppDelegate.swift in Sources */,
				FF27B3C621C338F500612924 /* BMICalculatorApp.xcdatamodeld in Sources */,
			);
			runOnlyForDeploymentPostprocessing = 0;
		};
/* End PBXSourcesBuildPhase section */

/* Begin PBXVariantGroup section */
		FF27B3C121C338F500612924 /* Main.storyboard */ = {
			isa = PBXVariantGroup;
			children = (
				FF27B3C221C338F500612924 /* Base */,
			);
			name = Main.storyboard;
			sourceTree = "<group>";
		};
		FF27B3C921C338F800612924 /* LaunchScreen.storyboard */ = {
			isa = PBXVariantGroup;
			children = (
				FF27B3CA21C338F800612924 /* Base */,
			);
			name = LaunchScreen.storyboard;
			sourceTree = "<group>";
		};
/* End PBXVariantGroup section */

/* Begin XCBuildConfiguration section */
		FF27B3CD21C338F800612924 /* Debug */ = {
			isa = XCBuildConfiguration;
			buildSettings = {
				ALWAYS_SEARCH_USER_PATHS = NO;
				CLANG_ANALYZER_NONNULL = YES;
				CLANG_ANALYZER_NUMBER_OBJECT_CONVERSION = YES_AGGRESSIVE;
				CLANG_CXX_LANGUAGE_STANDARD = "gnu++14";
				CLANG_CXX_LIBRARY = "libc++";
				CLANG_ENABLE_MODULES = YES;
				CLANG_ENABLE_OBJC_ARC = YES;
				CLANG_ENABLE_OBJC_WEAK = YES;
				CLANG_WARN_BLOCK_CAPTURE_AUTORELEASING = YES;
				CLANG_WARN_BOOL_CONVERSION = YES;
				CLANG_WARN_COMMA = YES;
				CLANG_WARN_CONSTANT_CONVERSION = YES;
				CLANG_WARN_DEPRECATED_OBJC_IMPLEMENTATIONS = YES;
				CLANG_WARN_DIRECT_OBJC_ISA_USAGE = YES_ERROR;
				CLANG_WARN_DOCUMENTATION_COMMENTS = YES;
				CLANG_WARN_EMPTY_BODY = YES;
				CLANG_WARN_ENUM_CONVERSION = YES;
				CLANG_WARN_INFINITE_RECURSION = YES;
				CLANG_WARN_INT_CONVERSION = YES;
				CLANG_WARN_NON_LITERAL_NULL_CONVERSION = YES;
				CLANG_WARN_OBJC_IMPLICIT_RETAIN_SELF = YES;
				CLANG_WARN_OBJC_LITERAL_CONVERSION = YES;
				CLANG_WARN_OBJC_ROOT_CLASS = YES_ERROR;
				CLANG_WARN_RANGE_LOOP_ANALYSIS = YES;
				CLANG_WARN_STRICT_PROTOTYPES = YES;
				CLANG_WARN_SUSPICIOUS_MOVE = YES;
				CLANG_WARN_UNGUARDED_AVAILABILITY = YES_AGGRESSIVE;
				CLANG_WARN_UNREACHABLE_CODE = YES;
				CLANG_WARN__DUPLICATE_METHOD_MATCH = YES;
				CODE_SIGN_IDENTITY = "iPhone Developer";
				COPY_PHASE_STRIP = NO;
				DEBUG_INFORMATION_FORMAT = dwarf;
				ENABLE_STRICT_OBJC_MSGSEND = YES;
				ENABLE_TESTABILITY = YES;
				GCC_C_LANGUAGE_STANDARD = gnu11;
				GCC_DYNAMIC_NO_PIC = NO;
				GCC_NO_COMMON_BLOCKS = YES;
				GCC_OPTIMIZATION_LEVEL = 0;
				GCC_PREPROCESSOR_DEFINITIONS = (
					"DEBUG=1",
					"$(inherited)",
				);
				GCC_WARN_64_TO_32_BIT_CONVERSION = YES;
				GCC_WARN_ABOUT_RETURN_TYPE = YES_ERROR;
				GCC_WARN_UNDECLARED_SELECTOR = YES;
				GCC_WARN_UNINITIALIZED_AUTOS = YES_AGGRESSIVE;
				GCC_WARN_UNUSED_FUNCTION = YES;
				GCC_WARN_UNUSED_VARIABLE = YES;
				IPHONEOS_DEPLOYMENT_TARGET = 11.4;
				MTL_ENABLE_DEBUG_INFO = YES;
				ONLY_ACTIVE_ARCH = YES;
				SDKROOT = iphoneos;
				SWIFT_ACTIVE_COMPILATION_CONDITIONS = DEBUG;
				SWIFT_OPTIMIZATION_LEVEL = "-Onone";
			};
			name = Debug;
		};
		FF27B3CE21C338F800612924 /* Release */ = {
			isa = XCBuildConfiguration;
			buildSettings = {
				ALWAYS_SEARCH_USER_PATHS = NO;
				CLANG_ANALYZER_NONNULL = YES;
				CLANG_ANALYZER_NUMBER_OBJECT_CONVERSION = YES_AGGRESSIVE;
				CLANG_CXX_LANGUAGE_STANDARD = "gnu++14";
				CLANG_CXX_LIBRARY = "libc++";
				CLANG_ENABLE_MODULES = YES;
				CLANG_ENABLE_OBJC_ARC = YES;
				CLANG_ENABLE_OBJC_WEAK = YES;
				CLANG_WARN_BLOCK_CAPTURE_AUTORELEASING = YES;
				CLANG_WARN_BOOL_CONVERSION = YES;
				CLANG_WARN_COMMA = YES;
				CLANG_WARN_CONSTANT_CONVERSION = YES;
				CLANG_WARN_DEPRECATED_OBJC_IMPLEMENTATIONS = YES;
				CLANG_WARN_DIRECT_OBJC_ISA_USAGE = YES_ERROR;
				CLANG_WARN_DOCUMENTATION_COMMENTS = YES;
				CLANG_WARN_EMPTY_BODY = YES;
				CLANG_WARN_ENUM_CONVERSION = YES;
				CLANG_WARN_INFINITE_RECURSION = YES;
				CLANG_WARN_INT_CONVERSION = YES;
				CLANG_WARN_NON_LITERAL_NULL_CONVERSION = YES;
				CLANG_WARN_OBJC_IMPLICIT_RETAIN_SELF = YES;
				CLANG_WARN_OBJC_LITERAL_CONVERSION = YES;
				CLANG_WARN_OBJC_ROOT_CLASS = YES_ERROR;
				CLANG_WARN_RANGE_LOOP_ANALYSIS = YES;
				CLANG_WARN_STRICT_PROTOTYPES = YES;
				CLANG_WARN_SUSPICIOUS_MOVE = YES;
				CLANG_WARN_UNGUARDED_AVAILABILITY = YES_AGGRESSIVE;
				CLANG_WARN_UNREACHABLE_CODE = YES;
				CLANG_WARN__DUPLICATE_METHOD_MATCH = YES;
				CODE_SIGN_IDENTITY = "iPhone Developer";
				COPY_PHASE_STRIP = NO;
				DEBUG_INFORMATION_FORMAT = "dwarf-with-dsym";
				ENABLE_NS_ASSERTIONS = NO;
				ENABLE_STRICT_OBJC_MSGSEND = YES;
				GCC_C_LANGUAGE_STANDARD = gnu11;
				GCC_NO_COMMON_BLOCKS = YES;
				GCC_WARN_64_TO_32_BIT_CONVERSION = YES;
				GCC_WARN_ABOUT_RETURN_TYPE = YES_ERROR;
				GCC_WARN_UNDECLARED_SELECTOR = YES;
				GCC_WARN_UNINITIALIZED_AUTOS = YES_AGGRESSIVE;
				GCC_WARN_UNUSED_FUNCTION = YES;
				GCC_WARN_UNUSED_VARIABLE = YES;
				IPHONEOS_DEPLOYMENT_TARGET = 11.4;
				MTL_ENABLE_DEBUG_INFO = NO;
				SDKROOT = iphoneos;
				SWIFT_COMPILATION_MODE = wholemodule;
				SWIFT_OPTIMIZATION_LEVEL = "-O";
				VALIDATE_PRODUCT = YES;
			};
			name = Release;
		};
		FF27B3D021C338F800612924 /* Debug */ = {
			isa = XCBuildConfiguration;
			buildSettings = {
				ASSETCATALOG_COMPILER_APPICON_NAME = AppIcon;
				CODE_SIGN_STYLE = Automatic;
				DEVELOPMENT_TEAM = 2BULHRS882;
				INFOPLIST_FILE = BMICalculatorApp/Info.plist;
				LD_RUNPATH_SEARCH_PATHS = (
					"$(inherited)",
					"@executable_path/Frameworks",
				);
				PRODUCT_BUNDLE_IDENTIFIER = ca.centennialcollege.BMICalculatorApp;
				PRODUCT_NAME = "$(TARGET_NAME)";
				SWIFT_VERSION = 4.0;
				TARGETED_DEVICE_FAMILY = "1,2";
			};
			name = Debug;
		};
		FF27B3D121C338F800612924 /* Release */ = {
			isa = XCBuildConfiguration;
			buildSettings = {
				ASSETCATALOG_COMPILER_APPICON_NAME = AppIcon;
				CODE_SIGN_STYLE = Automatic;
				DEVELOPMENT_TEAM = 2BULHRS882;
				INFOPLIST_FILE = BMICalculatorApp/Info.plist;
				LD_RUNPATH_SEARCH_PATHS = (
					"$(inherited)",
					"@executable_path/Frameworks",
				);
				PRODUCT_BUNDLE_IDENTIFIER = ca.centennialcollege.BMICalculatorApp;
				PRODUCT_NAME = "$(TARGET_NAME)";
				SWIFT_VERSION = 4.0;
				TARGETED_DEVICE_FAMILY = "1,2";
			};
			name = Release;
		};
/* End XCBuildConfiguration section */

/* Begin XCConfigurationList section */
		FF27B3B521C338F500612924 /* Build configuration list for PBXProject "BMICalculatorApp" */ = {
			isa = XCConfigurationList;
			buildConfigurations = (
				FF27B3CD21C338F800612924 /* Debug */,
				FF27B3CE21C338F800612924 /* Release */,
			);
			defaultConfigurationIsVisible = 0;
			defaultConfigurationName = Release;
		};
		FF27B3CF21C338F800612924 /* Build configuration list for PBXNativeTarget "BMICalculatorApp" */ = {
			isa = XCConfigurationList;
			buildConfigurations = (
				FF27B3D021C338F800612924 /* Debug */,
				FF27B3D121C338F800612924 /* Release */,
			);
			defaultConfigurationIsVisible = 0;
			defaultConfigurationName = Release;
		};
/* End XCConfigurationList section */

/* Begin XCVersionGroup section */
		FF27B3C421C338F500612924 /* BMICalculatorApp.xcdatamodeld */ = {
			isa = XCVersionGroup;
			children = (
				FF27B3C521C338F500612924 /* BMICalculatorApp.xcdatamodel */,
			);
			currentVersion = FF27B3C521C338F500612924 /* BMICalculatorApp.xcdatamodel */;
			path = BMICalculatorApp.xcdatamodeld;
			sourceTree = "<group>";
			versionGroupType = wrapper.xcdatamodel;
		};
/* End XCVersionGroup section */
	};
	rootObject = FF27B3B221C338F500612924 /* Project object */;
}
